<?xml version="1.0" encoding="UTF-8" standalone="yes" ?>
<CodeBlocks_project_file>
	<FileVersion major="1" minor="6" />
	<Project>
		<Option title="Libft" />
		<Option pch_mode="2" />
		<Option compiler="gcc" />
		<Build>
			<Target title="Libft">
				<Option output="ft" prefix_auto="1" extension_auto="1" />
				<Option working_dir="" />
				<Option object_output="objs/" />
				<Option type="2" />
				<Option compiler="gcc" />
				<Option createDefFile="1" />
				<Compiler>
					<Add option="-Wfatal-errors" />
					<Add option="-Wextra" />
					<Add option="-Wall" />
					<Add option="-g" />
					<Add directory="includes" />
				</Compiler>
			</Target>
		</Build>
		<Unit filename="includes/ft_printf.h" />
		<Unit filename="includes/get_next_line.h" />
		<Unit filename="includes/libft.h" />
		<Unit filename="srcs/basics/memory/ft_bzero.c">
			<Option compilerVar="CC" />
		</Unit>
		<Unit filename="srcs/basics/memory/ft_memalloc.c">
			<Option compilerVar="CC" />
		</Unit>
		<Unit filename="srcs/basics/memory/ft_memccpy.c">
			<Option compilerVar="CC" />
		</Unit>
		<Unit filename="srcs/basics/memory/ft_memchr.c">
			<Option compilerVar="CC" />
		</Unit>
		<Unit filename="srcs/basics/memory/ft_memcmp.c">
			<Option compilerVar="CC" />
		</Unit>
		<Unit filename="srcs/basics/memory/ft_memcpy.c">
			<Option compilerVar="CC" />
		</Unit>
		<Unit filename="srcs/basics/memory/ft_memdel.c">
			<Option compilerVar="CC" />
		</Unit>
		<Unit filename="srcs/basics/memory/ft_memmove.c">
			<Option compilerVar="CC" />
		</Unit>
		<Unit filename="srcs/basics/memory/ft_memset.c">
			<Option compilerVar="CC" />
		</Unit>
		<Unit filename="srcs/basics/memory/ft_realloc.c">
			<Option compilerVar="CC" />
		</Unit>
		<Unit filename="srcs/basics/print/ft_putchar.c">
			<Option compilerVar="CC" />
		</Unit>
		<Unit filename="srcs/basics/print/ft_putchar_fd.c">
			<Option compilerVar="CC" />
		</Unit>
		<Unit filename="srcs/basics/print/ft_putendl.c">
			<Option compilerVar="CC" />
		</Unit>
		<Unit filename="srcs/basics/print/ft_putendl_fd.c">
			<Option compilerVar="CC" />
		</Unit>
		<Unit filename="srcs/basics/print/ft_putnbr.c">
			<Option compilerVar="CC" />
		</Unit>
		<Unit filename="srcs/basics/print/ft_putnbr_fd.c">
			<Option compilerVar="CC" />
		</Unit>
		<Unit filename="srcs/basics/print/ft_putnl.c">
			<Option compilerVar="CC" />
		</Unit>
		<Unit filename="srcs/basics/print/ft_putstr.c">
			<Option compilerVar="CC" />
		</Unit>
		<Unit filename="srcs/basics/print/ft_putstr_fd.c">
			<Option compilerVar="CC" />
		</Unit>
		<Unit filename="srcs/basics/string/ft_strcat.c">
			<Option compilerVar="CC" />
		</Unit>
		<Unit filename="srcs/basics/string/ft_strchr.c">
			<Option compilerVar="CC" />
		</Unit>
		<Unit filename="srcs/basics/string/ft_strclr.c">
			<Option compilerVar="CC" />
		</Unit>
		<Unit filename="srcs/basics/string/ft_strcmp.c">
			<Option compilerVar="CC" />
		</Unit>
		<Unit filename="srcs/basics/string/ft_strcpy.c">
			<Option compilerVar="CC" />
		</Unit>
		<Unit filename="srcs/basics/string/ft_strdel.c">
			<Option compilerVar="CC" />
		</Unit>
		<Unit filename="srcs/basics/string/ft_strdup.c">
			<Option compilerVar="CC" />
		</Unit>
		<Unit filename="srcs/basics/string/ft_strequ.c">
			<Option compilerVar="CC" />
		</Unit>
		<Unit filename="srcs/basics/string/ft_striter.c">
			<Option compilerVar="CC" />
		</Unit>
		<Unit filename="srcs/basics/string/ft_striteri.c">
			<Option compilerVar="CC" />
		</Unit>
		<Unit filename="srcs/basics/string/ft_strjoin.c">
			<Option compilerVar="CC" />
		</Unit>
		<Unit filename="srcs/basics/string/ft_strlcat.c">
			<Option compilerVar="CC" />
		</Unit>
		<Unit filename="srcs/basics/string/ft_strlen.c">
			<Option compilerVar="CC" />
		</Unit>
		<Unit filename="srcs/basics/string/ft_strmap.c">
			<Option compilerVar="CC" />
		</Unit>
		<Unit filename="srcs/basics/string/ft_strmapi.c">
			<Option compilerVar="CC" />
		</Unit>
		<Unit filename="srcs/basics/string/ft_strncat.c">
			<Option compilerVar="CC" />
		</Unit>
		<Unit filename="srcs/basics/string/ft_strncmp.c">
			<Option compilerVar="CC" />
		</Unit>
		<Unit filename="srcs/basics/string/ft_strncpy.c">
			<Option compilerVar="CC" />
		</Unit>
		<Unit filename="srcs/basics/string/ft_strnequ.c">
			<Option compilerVar="CC" />
		</Unit>
		<Unit filename="srcs/basics/string/ft_strnew.c">
			<Option compilerVar="CC" />
		</Unit>
		<Unit filename="srcs/basics/string/ft_strnstr.c">
			<Option compilerVar="CC" />
		</Unit>
		<Unit filename="srcs/basics/string/ft_strrchr.c">
			<Option compilerVar="CC" />
		</Unit>
		<Unit filename="srcs/basics/string/ft_strsplit.c">
			<Option compilerVar="CC" />
		</Unit>
		<Unit filename="srcs/basics/string/ft_strstr.c">
			<Option compilerVar="CC" />
		</Unit>
		<Unit filename="srcs/basics/string/ft_strsub.c">
			<Option compilerVar="CC" />
		</Unit>
		<Unit filename="srcs/basics/string/ft_strtrim.c">
			<Option compilerVar="CC" />
		</Unit>
		<Unit filename="srcs/basics/types/ft_isalnum.c">
			<Option compilerVar="CC" />
		</Unit>
		<Unit filename="srcs/basics/types/ft_isalpha.c">
			<Option compilerVar="CC" />
		</Unit>
		<Unit filename="srcs/basics/types/ft_isascii.c">
			<Option compilerVar="CC" />
		</Unit>
		<Unit filename="srcs/basics/types/ft_isdigit.c">
			<Option compilerVar="CC" />
		</Unit>
		<Unit filename="srcs/basics/types/ft_isprint.c">
			<Option compilerVar="CC" />
		</Unit>
		<Unit filename="srcs/basics/types/ft_isspace.c">
			<Option compilerVar="CC" />
		</Unit>
		<Unit filename="srcs/basics/types/ft_tolower.c">
			<Option compilerVar="CC" />
		</Unit>
		<Unit filename="srcs/basics/types/ft_toupper.c">
			<Option compilerVar="CC" />
		</Unit>
		<Unit filename="srcs/basics/types/ft_uporlow.c">
			<Option compilerVar="CC" />
		</Unit>
		<Unit filename="srcs/containers/list/ft_lstadd.c">
			<Option compilerVar="CC" />
		</Unit>
		<Unit filename="srcs/containers/list/ft_lstdel.c">
			<Option compilerVar="CC" />
		</Unit>
		<Unit filename="srcs/containers/list/ft_lstdelone.c">
			<Option compilerVar="CC" />
		</Unit>
		<Unit filename="srcs/containers/list/ft_lstiter.c">
			<Option compilerVar="CC" />
		</Unit>
		<Unit filename="srcs/containers/list/ft_lstmap.c">
			<Option compilerVar="CC" />
		</Unit>
		<Unit filename="srcs/containers/list/ft_lstnew.c">
			<Option compilerVar="CC" />
		</Unit>
		<Unit filename="srcs/gnl/get_next_line.c">
			<Option compilerVar="CC" />
		</Unit>
		<Unit filename="srcs/printf/ft_addto.c">
			<Option compilerVar="CC" />
		</Unit>
		<Unit filename="srcs/printf/ft_apply.c">
			<Option compilerVar="CC" />
		</Unit>
		<Unit filename="srcs/printf/ft_getparams.c">
			<Option compilerVar="CC" />
		</Unit>
		<Unit filename="srcs/printf/ft_maths.c">
			<Option compilerVar="CC" />
		</Unit>
		<Unit filename="srcs/printf/ft_nbrlen.c">
			<Option compilerVar="CC" />
		</Unit>
		<Unit filename="srcs/printf/ft_options.c">
			<Option compilerVar="CC" />
		</Unit>
		<Unit filename="srcs/printf/ft_printf.c">
			<Option compilerVar="CC" />
		</Unit>
		<Unit filename="srcs/printf/ft_setoptions.c">
			<Option compilerVar="CC" />
		</Unit>
		<Unit filename="srcs/printf/ft_sitoa.c">
			<Option compilerVar="CC" />
		</Unit>
		<Unit filename="srcs/printf/ft_strnchr.c">
			<Option compilerVar="CC" />
		</Unit>
		<Unit filename="srcs/printf/option_b.c">
			<Option compilerVar="CC" />
		</Unit>
		<Unit filename="srcs/printf/option_c.c">
			<Option compilerVar="CC" />
		</Unit>
		<Unit filename="srcs/printf/option_di.c">
			<Option compilerVar="CC" />
		</Unit>
		<Unit filename="srcs/printf/option_hexa.c">
			<Option compilerVar="CC" />
		</Unit>
		<Unit filename="srcs/printf/option_mod.c">
			<Option compilerVar="CC" />
		</Unit>
		<Unit filename="srcs/printf/option_o.c">
			<Option compilerVar="CC" />
		</Unit>
		<Unit filename="srcs/printf/option_p.c">
			<Option compilerVar="CC" />
		</Unit>
		<Unit filename="srcs/printf/option_s.c">
			<Option compilerVar="CC" />
		</Unit>
		<Unit filename="srcs/printf/option_u.c">
			<Option compilerVar="CC" />
		</Unit>
		<Unit filename="srcs/printf/option_uni.c">
			<Option compilerVar="CC" />
		</Unit>
		<Unit filename="srcs/utils/cast/ft_atof.c">
			<Option compilerVar="CC" />
		</Unit>
		<Unit filename="srcs/utils/cast/ft_atoi.c">
			<Option compilerVar="CC" />
		</Unit>
		<Unit filename="srcs/utils/cast/ft_itoa.c">
			<Option compilerVar="CC" />
		</Unit>
		<Unit filename="srcs/utils/math/ft_sqrt.c">
			<Option compilerVar="CC" />
		</Unit>
		<Unit filename="srcs/utils/math/ft_swap.c">
			<Option compilerVar="CC" />
		</Unit>
		<Unit filename="srcs/wide/ft_itoa_w.c">
			<Option compilerVar="CC" />
		</Unit>
		<Unit filename="srcs/wide/ft_nbrlen.c">
			<Option compilerVar="CC" />
		</Unit>
		<Unit filename="srcs/wide/ft_putnbrlong.c">
			<Option compilerVar="CC" />
		</Unit>
		<Unit filename="srcs/wide/ft_strlen_w.c">
			<Option compilerVar="CC" />
		</Unit>
		<Extensions>
			<code_completion />
			<envvars />
			<debugger />
		</Extensions>
	</Project>
</CodeBlocks_project_file>
